
Microsoft Visual Studio Solution File, Format Version 12.00
# Visual Studio 14
VisualStudioVersion = 14.0.25123.0
MinimumVisualStudioVersion = 10.0.40219.1
Project("{FAE04EC0-301F-11D3-BF4B-00C04F79EFBC}") = "SearchAThing.Core", "..\SearchAThing.Core\src\SearchAThing.Core.csproj", "{8162A30E-A46D-4A78-BA12-1F376AC6F1B4}"
EndProject
Project("{FAE04EC0-301F-11D3-BF4B-00C04F79EFBC}") = "SearchAThing.Sci", "..\SearchAThing.Sci\src\SearchAThing.Sci.csproj", "{F9D7F0EE-D4FF-4455-87BE-08539D2D1982}"
EndProject
Project("{FAE04EC0-301F-11D3-BF4B-00C04F79EFBC}") = "SearchAThing.Sci.GUI.Examples", "src\SearchAThing.Sci.GUI.Examples.csproj", "{0186E0B8-8AB6-4EF1-B648-DCB1374EDDC2}"
EndProject
Project("{FAE04EC0-301F-11D3-BF4B-00C04F79EFBC}") = "SearchAThing.Sci.GUI", "..\SearchAThing.Sci.GUI\src\SearchAThing.Sci.GUI.csproj", "{C73FFCC5-1967-4DD1-A50E-861008D21C65}"
EndProject
Global
	GlobalSection(SolutionConfigurationPlatforms) = preSolution
		Debug|Any CPU = Debug|Any CPU
		Debug2|Any CPU = Debug2|Any CPU
		Release|Any CPU = Release|Any CPU
	EndGlobalSection
	GlobalSection(ProjectConfigurationPlatforms) = postSolution
		{8162A30E-A46D-4A78-BA12-1F376AC6F1B4}.Debug|Any CPU.ActiveCfg = Debug|Any CPU
		{8162A30E-A46D-4A78-BA12-1F376AC6F1B4}.Debug|Any CPU.Build.0 = Debug|Any CPU
		{8162A30E-A46D-4A78-BA12-1F376AC6F1B4}.Debug2|Any CPU.ActiveCfg = Debug2|Any CPU
		{8162A30E-A46D-4A78-BA12-1F376AC6F1B4}.Debug2|Any CPU.Build.0 = Debug2|Any CPU
		{8162A30E-A46D-4A78-BA12-1F376AC6F1B4}.Release|Any CPU.ActiveCfg = Release|Any CPU
		{8162A30E-A46D-4A78-BA12-1F376AC6F1B4}.Release|Any CPU.Build.0 = Release|Any CPU
		{F9D7F0EE-D4FF-4455-87BE-08539D2D1982}.Debug|Any CPU.ActiveCfg = Debug|Any CPU
		{F9D7F0EE-D4FF-4455-87BE-08539D2D1982}.Debug|Any CPU.Build.0 = Debug|Any CPU
		{F9D7F0EE-D4FF-4455-87BE-08539D2D1982}.Debug2|Any CPU.ActiveCfg = Debug|Any CPU
		{F9D7F0EE-D4FF-4455-87BE-08539D2D1982}.Debug2|Any CPU.Build.0 = Debug|Any CPU
		{F9D7F0EE-D4FF-4455-87BE-08539D2D1982}.Release|Any CPU.ActiveCfg = Release|Any CPU
		{F9D7F0EE-D4FF-4455-87BE-08539D2D1982}.Release|Any CPU.Build.0 = Release|Any CPU
		{0186E0B8-8AB6-4EF1-B648-DCB1374EDDC2}.Debug|Any CPU.ActiveCfg = Debug|Any CPU
		{0186E0B8-8AB6-4EF1-B648-DCB1374EDDC2}.Debug|Any CPU.Build.0 = Debug|Any CPU
		{0186E0B8-8AB6-4EF1-B648-DCB1374EDDC2}.Debug2|Any CPU.ActiveCfg = Debug|Any CPU
		{0186E0B8-8AB6-4EF1-B648-DCB1374EDDC2}.Debug2|Any CPU.Build.0 = Debug|Any CPU
		{0186E0B8-8AB6-4EF1-B648-DCB1374EDDC2}.Release|Any CPU.ActiveCfg = Release|Any CPU
		{0186E0B8-8AB6-4EF1-B648-DCB1374EDDC2}.Release|Any CPU.Build.0 = Release|Any CPU
		{C73FFCC5-1967-4DD1-A50E-861008D21C65}.Debug|Any CPU.ActiveCfg = Debug|Any CPU
		{C73FFCC5-1967-4DD1-A50E-861008D21C65}.Debug|Any CPU.Build.0 = Debug|Any CPU
		{C73FFCC5-1967-4DD1-A50E-861008D21C65}.Debug2|Any CPU.ActiveCfg = Debug|Any CPU
		{C73FFCC5-1967-4DD1-A50E-861008D21C65}.Debug2|Any CPU.Build.0 = Debug|Any CPU
		{C73FFCC5-1967-4DD1-A50E-861008D21C65}.Release|Any CPU.ActiveCfg = Release|Any CPU
		{C73FFCC5-1967-4DD1-A50E-861008D21C65}.Release|Any CPU.Build.0 = Release|Any CPU
	EndGlobalSection
	GlobalSection(SolutionProperties) = preSolution
		HideSolutionNode = FALSE
	EndGlobalSection
EndGlobal
